{
  "name": "mockupserver",
  "version": "1.0.0",
  "lockfileVersion": 1,
  "requires": true,
  "dependencies": {
    "readline": {
      "version": "1.3.0",
      "resolved": "https://registry.npmjs.org/readline/-/readline-1.3.0.tgz",
      "integrity": "sha1-xYDXfvLPyHUrEySYBg3JeTp6wBw="
    },
    "uWebSockets.js": {
      "version": "github:uNetworking/uWebSockets.js#5b524b61b25c78325304a71f810dfdfaa7f5e5eb",
      "from": "github:uNetworking/uWebSockets.js#v17.1.0"
    }
  }
}
